
Microsoft Visual Studio Solution File, Format Version 12.00
# Visual Studio Version 17
VisualStudioVersion = 17.1.32210.238
MinimumVisualStudioVersion = 10.0.40219.1
Project("{9A19103F-16F7-4668-BE54-9A1E7A4F7556}") = "VendorDeck.API", "VendorDeck.API\VendorDeck.API.csproj", "{3CAA6F9D-60F5-463E-AF65-36289F3F6F59}"
EndProject
Project("{9A19103F-16F7-4668-BE54-9A1E7A4F7556}") = "VendorDeck.Entities", "VendorDeck.Entities\VendorDeck.Entities.csproj", "{0207BD5A-7774-4800-AB38-5EE513956B6E}"
EndProject
Project("{9A19103F-16F7-4668-BE54-9A1E7A4F7556}") = "VendorDeck.DataAccess", "VendorDeck.DataAccess\VendorDeck.DataAccess.csproj", "{1D02718C-A3E3-421F-A81E-C48D012006EA}"
EndProject
Project("{9A19103F-16F7-4668-BE54-9A1E7A4F7556}") = "VendorDeck.Business", "VendorDeck.Business\VendorDeck.Business.csproj", "{54D5487F-95B8-471C-A772-1267B81CA75F}"
EndProject
Project("{9A19103F-16F7-4668-BE54-9A1E7A4F7556}") = "VendorDeck.Tests", "VendorDeck.Tests\VendorDeck.Tests.csproj", "{9F5FADD4-C6FD-4DD8-AB13-005D3699A149}"
EndProject
Project("{FAE04EC0-301F-11D3-BF4B-00C04F79EFBC}") = "VendorDeck.API.Models", "VendorDeck.API.Models\VendorDeck.API.Models.csproj", "{12ED73DF-B4B9-4228-8583-2404598A2376}"
EndProject
Global
	GlobalSection(SolutionConfigurationPlatforms) = preSolution
		Debug|Any CPU = Debug|Any CPU
		Release|Any CPU = Release|Any CPU
	EndGlobalSection
	GlobalSection(ProjectConfigurationPlatforms) = postSolution
		{3CAA6F9D-60F5-463E-AF65-36289F3F6F59}.Debug|Any CPU.ActiveCfg = Debug|Any CPU
		{3CAA6F9D-60F5-463E-AF65-36289F3F6F59}.Debug|Any CPU.Build.0 = Debug|Any CPU
		{3CAA6F9D-60F5-463E-AF65-36289F3F6F59}.Release|Any CPU.ActiveCfg = Release|Any CPU
		{3CAA6F9D-60F5-463E-AF65-36289F3F6F59}.Release|Any CPU.Build.0 = Release|Any CPU
		{0207BD5A-7774-4800-AB38-5EE513956B6E}.Debug|Any CPU.ActiveCfg = Debug|Any CPU
		{0207BD5A-7774-4800-AB38-5EE513956B6E}.Debug|Any CPU.Build.0 = Debug|Any CPU
		{0207BD5A-7774-4800-AB38-5EE513956B6E}.Release|Any CPU.ActiveCfg = Release|Any CPU
		{0207BD5A-7774-4800-AB38-5EE513956B6E}.Release|Any CPU.Build.0 = Release|Any CPU
		{1D02718C-A3E3-421F-A81E-C48D012006EA}.Debug|Any CPU.ActiveCfg = Debug|Any CPU
		{1D02718C-A3E3-421F-A81E-C48D012006EA}.Debug|Any CPU.Build.0 = Debug|Any CPU
		{1D02718C-A3E3-421F-A81E-C48D012006EA}.Release|Any CPU.ActiveCfg = Release|Any CPU
		{1D02718C-A3E3-421F-A81E-C48D012006EA}.Release|Any CPU.Build.0 = Release|Any CPU
		{54D5487F-95B8-471C-A772-1267B81CA75F}.Debug|Any CPU.ActiveCfg = Debug|Any CPU
		{54D5487F-95B8-471C-A772-1267B81CA75F}.Debug|Any CPU.Build.0 = Debug|Any CPU
		{54D5487F-95B8-471C-A772-1267B81CA75F}.Release|Any CPU.ActiveCfg = Release|Any CPU
		{54D5487F-95B8-471C-A772-1267B81CA75F}.Release|Any CPU.Build.0 = Release|Any CPU
		{9F5FADD4-C6FD-4DD8-AB13-005D3699A149}.Debug|Any CPU.ActiveCfg = Debug|Any CPU
		{9F5FADD4-C6FD-4DD8-AB13-005D3699A149}.Debug|Any CPU.Build.0 = Debug|Any CPU
		{9F5FADD4-C6FD-4DD8-AB13-005D3699A149}.Release|Any CPU.ActiveCfg = Release|Any CPU
		{9F5FADD4-C6FD-4DD8-AB13-005D3699A149}.Release|Any CPU.Build.0 = Release|Any CPU
		{12ED73DF-B4B9-4228-8583-2404598A2376}.Debug|Any CPU.ActiveCfg = Debug|Any CPU
		{12ED73DF-B4B9-4228-8583-2404598A2376}.Debug|Any CPU.Build.0 = Debug|Any CPU
		{12ED73DF-B4B9-4228-8583-2404598A2376}.Release|Any CPU.ActiveCfg = Release|Any CPU
		{12ED73DF-B4B9-4228-8583-2404598A2376}.Release|Any CPU.Build.0 = Release|Any CPU
	EndGlobalSection
	GlobalSection(SolutionProperties) = preSolution
		HideSolutionNode = FALSE
	EndGlobalSection
	GlobalSection(ExtensibilityGlobals) = postSolution
		SolutionGuid = {6E32947F-6196-4D8B-AE35-0C3F57A8747C}
	EndGlobalSection
EndGlobal
